// !$*UTF8*$!
{
	archiveVersion = 1;
	classes = {
	};
	objectVersion = 56;
	objects = {

/* Begin PBXBuildFile section */
		392A4E98DE595DC1943764D0 /* Pods_AppleStoreProject.framework in Frameworks */ = {isa = PBXBuildFile; fileRef = 4881547A6DBFD93769B1446F /* Pods_AppleStoreProject.framework */; };
		D045DFC72AD57F1D0087150B /* SearchResult.swift in Sources */ = {isa = PBXBuildFile; fileRef = D045DFC62AD57F1D0087150B /* SearchResult.swift */; };
		D045DFCA2AD5C6B20087150B /* Service.swift in Sources */ = {isa = PBXBuildFile; fileRef = D045DFC92AD5C6B20087150B /* Service.swift */; };
		D045E0152AD802620087150B /* HorizontalViewController.swift in Sources */ = {isa = PBXBuildFile; fileRef = D045E0142AD802620087150B /* HorizontalViewController.swift */; };
		D045E0172AD834F40087150B /* AppGroupCell.swift in Sources */ = {isa = PBXBuildFile; fileRef = D045E0162AD834F40087150B /* AppGroupCell.swift */; };
		D045E0192AD8F8790087150B /* AppRowCell.swift in Sources */ = {isa = PBXBuildFile; fileRef = D045E0182AD8F8790087150B /* AppRowCell.swift */; };
		D045E01B2AD916250087150B /* AppsPageHeader.swift in Sources */ = {isa = PBXBuildFile; fileRef = D045E01A2AD916250087150B /* AppsPageHeader.swift */; };
		D045E01D2AD9179F0087150B /* HorinzontalHeaderViewController.swift in Sources */ = {isa = PBXBuildFile; fileRef = D045E01C2AD9179F0087150B /* HorinzontalHeaderViewController.swift */; };
		D045E01F2AD91A300087150B /* AppPageHeaderRowCollectionViewCell.swift in Sources */ = {isa = PBXBuildFile; fileRef = D045E01E2AD91A300087150B /* AppPageHeaderRowCollectionViewCell.swift */; };
		D068D5492ACFE8BC0046A0EE /* AppDelegate.swift in Sources */ = {isa = PBXBuildFile; fileRef = D068D5482ACFE8BC0046A0EE /* AppDelegate.swift */; };
		D068D54B2ACFE8BC0046A0EE /* SceneDelegate.swift in Sources */ = {isa = PBXBuildFile; fileRef = D068D54A2ACFE8BC0046A0EE /* SceneDelegate.swift */; };
		D068D54D2ACFE8BC0046A0EE /* ViewController.swift in Sources */ = {isa = PBXBuildFile; fileRef = D068D54C2ACFE8BC0046A0EE /* ViewController.swift */; };
		D068D5522ACFE8BE0046A0EE /* Assets.xcassets in Resources */ = {isa = PBXBuildFile; fileRef = D068D5512ACFE8BE0046A0EE /* Assets.xcassets */; };
		D068D5552ACFE8BE0046A0EE /* LaunchScreen.storyboard in Resources */ = {isa = PBXBuildFile; fileRef = D068D5532ACFE8BE0046A0EE /* LaunchScreen.storyboard */; };
		D06D16AE2AD0120200B25CC7 /* TodayViewController.swift in Sources */ = {isa = PBXBuildFile; fileRef = D06D16AD2AD0120200B25CC7 /* TodayViewController.swift */; };
		D06D16B02AD0120E00B25CC7 /* AppsViewController.swift in Sources */ = {isa = PBXBuildFile; fileRef = D06D16AF2AD0120E00B25CC7 /* AppsViewController.swift */; };
		D06D16B22AD0121F00B25CC7 /* SearchViewController.swift in Sources */ = {isa = PBXBuildFile; fileRef = D06D16B12AD0121F00B25CC7 /* SearchViewController.swift */; };
		D08DE3692AD49DB7000833CA /* SearchResultCell.swift in Sources */ = {isa = PBXBuildFile; fileRef = D08DE3682AD49DB7000833CA /* SearchResultCell.swift */; };
		D0F51DC42AE2BF1A00488D57 /* AppGroupFeedModel.swift in Sources */ = {isa = PBXBuildFile; fileRef = D0F51DC32AE2BF1A00488D57 /* AppGroupFeedModel.swift */; };
		D0F51DC62AE3AD0D00488D57 /* AppDetailControllerViewController.swift in Sources */ = {isa = PBXBuildFile; fileRef = D0F51DC52AE3AD0D00488D57 /* AppDetailControllerViewController.swift */; };
		D0F51DCA2AE42AF900488D57 /* AppDetailCell.swift in Sources */ = {isa = PBXBuildFile; fileRef = D0F51DC92AE42AF900488D57 /* AppDetailCell.swift */; };
/* End PBXBuildFile section */

/* Begin PBXFileReference section */
		122A3669D9BDEA8257012CFC /* Pods-AppleStoreProject.debug.xcconfig */ = {isa = PBXFileReference; includeInIndex = 1; lastKnownFileType = text.xcconfig; name = "Pods-AppleStoreProject.debug.xcconfig"; path = "Target Support Files/Pods-AppleStoreProject/Pods-AppleStoreProject.debug.xcconfig"; sourceTree = "<group>"; };
		2087B4A263089AC0EBE6052A /* Pods-AppleStoreProject.release.xcconfig */ = {isa = PBXFileReference; includeInIndex = 1; lastKnownFileType = text.xcconfig; name = "Pods-AppleStoreProject.release.xcconfig"; path = "Target Support Files/Pods-AppleStoreProject/Pods-AppleStoreProject.release.xcconfig"; sourceTree = "<group>"; };
		4881547A6DBFD93769B1446F /* Pods_AppleStoreProject.framework */ = {isa = PBXFileReference; explicitFileType = wrapper.framework; includeInIndex = 0; path = Pods_AppleStoreProject.framework; sourceTree = BUILT_PRODUCTS_DIR; };
		D045DFC62AD57F1D0087150B /* SearchResult.swift */ = {isa = PBXFileReference; lastKnownFileType = sourcecode.swift; path = SearchResult.swift; sourceTree = "<group>"; };
		D045DFC92AD5C6B20087150B /* Service.swift */ = {isa = PBXFileReference; lastKnownFileType = sourcecode.swift; path = Service.swift; sourceTree = "<group>"; };
		D045E0142AD802620087150B /* HorizontalViewController.swift */ = {isa = PBXFileReference; lastKnownFileType = sourcecode.swift; path = HorizontalViewController.swift; sourceTree = "<group>"; };
		D045E0162AD834F40087150B /* AppGroupCell.swift */ = {isa = PBXFileReference; lastKnownFileType = sourcecode.swift; path = AppGroupCell.swift; sourceTree = "<group>"; };
		D045E0182AD8F8790087150B /* AppRowCell.swift */ = {isa = PBXFileReference; lastKnownFileType = sourcecode.swift; path = AppRowCell.swift; sourceTree = "<group>"; };
		D045E01A2AD916250087150B /* AppsPageHeader.swift */ = {isa = PBXFileReference; lastKnownFileType = sourcecode.swift; path = AppsPageHeader.swift; sourceTree = "<group>"; };
		D045E01C2AD9179F0087150B /* HorinzontalHeaderViewController.swift */ = {isa = PBXFileReference; lastKnownFileType = sourcecode.swift; path = HorinzontalHeaderViewController.swift; sourceTree = "<group>"; };
		D045E01E2AD91A300087150B /* AppPageHeaderRowCollectionViewCell.swift */ = {isa = PBXFileReference; lastKnownFileType = sourcecode.swift; path = AppPageHeaderRowCollectionViewCell.swift; sourceTree = "<group>"; };
		D068D5452ACFE8BC0046A0EE /* AppleStoreProject.app */ = {isa = PBXFileReference; explicitFileType = wrapper.application; includeInIndex = 0; path = AppleStoreProject.app; sourceTree = BUILT_PRODUCTS_DIR; };
		D068D5482ACFE8BC0046A0EE /* AppDelegate.swift */ = {isa = PBXFileReference; lastKnownFileType = sourcecode.swift; path = AppDelegate.swift; sourceTree = "<group>"; };
		D068D54A2ACFE8BC0046A0EE /* SceneDelegate.swift */ = {isa = PBXFileReference; lastKnownFileType = sourcecode.swift; path = SceneDelegate.swift; sourceTree = "<group>"; };
		D068D54C2ACFE8BC0046A0EE /* ViewController.swift */ = {isa = PBXFileReference; lastKnownFileType = sourcecode.swift; path = ViewController.swift; sourceTree = "<group>"; };
		D068D5512ACFE8BE0046A0EE /* Assets.xcassets */ = {isa = PBXFileReference; lastKnownFileType = folder.assetcatalog; path = Assets.xcassets; sourceTree = "<group>"; };
		D068D5542ACFE8BE0046A0EE /* Base */ = {isa = PBXFileReference; lastKnownFileType = file.storyboard; name = Base; path = Base.lproj/LaunchScreen.storyboard; sourceTree = "<group>"; };
		D068D5562ACFE8BE0046A0EE /* Info.plist */ = {isa = PBXFileReference; lastKnownFileType = text.plist.xml; path = Info.plist; sourceTree = "<group>"; };
		D06D16AD2AD0120200B25CC7 /* TodayViewController.swift */ = {isa = PBXFileReference; lastKnownFileType = sourcecode.swift; path = TodayViewController.swift; sourceTree = "<group>"; };
		D06D16AF2AD0120E00B25CC7 /* AppsViewController.swift */ = {isa = PBXFileReference; lastKnownFileType = sourcecode.swift; path = AppsViewController.swift; sourceTree = "<group>"; wrapsLines = 0; };
		D06D16B12AD0121F00B25CC7 /* SearchViewController.swift */ = {isa = PBXFileReference; lastKnownFileType = sourcecode.swift; path = SearchViewController.swift; sourceTree = "<group>"; };
		D08DE3682AD49DB7000833CA /* SearchResultCell.swift */ = {isa = PBXFileReference; lastKnownFileType = sourcecode.swift; path = SearchResultCell.swift; sourceTree = "<group>"; };
		D0F51DC32AE2BF1A00488D57 /* AppGroupFeedModel.swift */ = {isa = PBXFileReference; lastKnownFileType = sourcecode.swift; path = AppGroupFeedModel.swift; sourceTree = "<group>"; };
		D0F51DC52AE3AD0D00488D57 /* AppDetailControllerViewController.swift */ = {isa = PBXFileReference; lastKnownFileType = sourcecode.swift; path = AppDetailControllerViewController.swift; sourceTree = "<group>"; };
		D0F51DC92AE42AF900488D57 /* AppDetailCell.swift */ = {isa = PBXFileReference; lastKnownFileType = sourcecode.swift; path = AppDetailCell.swift; sourceTree = "<group>"; };
/* End PBXFileReference section */

/* Begin PBXFrameworksBuildPhase section */
		D068D5422ACFE8BC0046A0EE /* Frameworks */ = {
			isa = PBXFrameworksBuildPhase;
			buildActionMask = 2147483647;
			files = (
				392A4E98DE595DC1943764D0 /* Pods_AppleStoreProject.framework in Frameworks */,
			);
			runOnlyForDeploymentPostprocessing = 0;
		};
/* End PBXFrameworksBuildPhase section */

/* Begin PBXGroup section */
		72D1AA8D71654B4CAE9808AE /* Pods */ = {
			isa = PBXGroup;
			children = (
				122A3669D9BDEA8257012CFC /* Pods-AppleStoreProject.debug.xcconfig */,
				2087B4A263089AC0EBE6052A /* Pods-AppleStoreProject.release.xcconfig */,
			);
			path = Pods;
			sourceTree = "<group>";
		};
		9B45672161C80B2D33D74F12 /* Frameworks */ = {
			isa = PBXGroup;
			children = (
				4881547A6DBFD93769B1446F /* Pods_AppleStoreProject.framework */,
			);
			name = Frameworks;
			sourceTree = "<group>";
		};
		D045DFC52AD57F0C0087150B /* Model */ = {
			isa = PBXGroup;
			children = (
				D045DFC62AD57F1D0087150B /* SearchResult.swift */,
				D0F51DC32AE2BF1A00488D57 /* AppGroupFeedModel.swift */,
			);
			path = Model;
			sourceTree = "<group>";
		};
		D045DFC82AD5C6990087150B /* Service */ = {
			isa = PBXGroup;
			children = (
				D045DFC92AD5C6B20087150B /* Service.swift */,
			);
			path = Service;
			sourceTree = "<group>";
		};
		D068D53C2ACFE8BC0046A0EE = {
			isa = PBXGroup;
			children = (
				D068D5472ACFE8BC0046A0EE /* AppleStoreProject */,
				D068D5462ACFE8BC0046A0EE /* Products */,
				72D1AA8D71654B4CAE9808AE /* Pods */,
				9B45672161C80B2D33D74F12 /* Frameworks */,
			);
			sourceTree = "<group>";
		};
		D068D5462ACFE8BC0046A0EE /* Products */ = {
			isa = PBXGroup;
			children = (
				D068D5452ACFE8BC0046A0EE /* AppleStoreProject.app */,
			);
			name = Products;
			sourceTree = "<group>";
		};
		D068D5472ACFE8BC0046A0EE /* AppleStoreProject */ = {
			isa = PBXGroup;
			children = (
				D045DFC82AD5C6990087150B /* Service */,
				D045DFC52AD57F0C0087150B /* Model */,
				D08DE3672AD49D98000833CA /* Views */,
				D068D5482ACFE8BC0046A0EE /* AppDelegate.swift */,
				D068D54A2ACFE8BC0046A0EE /* SceneDelegate.swift */,
				D068D54C2ACFE8BC0046A0EE /* ViewController.swift */,
				D06D16AC2AD011EB00B25CC7 /* Main */,
				D068D5512ACFE8BE0046A0EE /* Assets.xcassets */,
				D068D5532ACFE8BE0046A0EE /* LaunchScreen.storyboard */,
				D068D5562ACFE8BE0046A0EE /* Info.plist */,
			);
			path = AppleStoreProject;
			sourceTree = "<group>";
		};
		D06D16AC2AD011EB00B25CC7 /* Main */ = {
			isa = PBXGroup;
			children = (
				D06D16AD2AD0120200B25CC7 /* TodayViewController.swift */,
				D06D16AF2AD0120E00B25CC7 /* AppsViewController.swift */,
				D06D16B12AD0121F00B25CC7 /* SearchViewController.swift */,
				D045E0142AD802620087150B /* HorizontalViewController.swift */,
				D045E01C2AD9179F0087150B /* HorinzontalHeaderViewController.swift */,
				D0F51DC52AE3AD0D00488D57 /* AppDetailControllerViewController.swift */,
			);
			path = Main;
			sourceTree = "<group>";
		};
		D08DE3672AD49D98000833CA /* Views */ = {
			isa = PBXGroup;
			children = (
				D08DE3682AD49DB7000833CA /* SearchResultCell.swift */,
				D045E0162AD834F40087150B /* AppGroupCell.swift */,
				D045E0182AD8F8790087150B /* AppRowCell.swift */,
				D045E01A2AD916250087150B /* AppsPageHeader.swift */,
				D045E01E2AD91A300087150B /* AppPageHeaderRowCollectionViewCell.swift */,
				D0F51DC92AE42AF900488D57 /* AppDetailCell.swift */,
			);
			path = Views;
			sourceTree = "<group>";
		};
/* End PBXGroup section */

/* Begin PBXNativeTarget section */
		D068D5442ACFE8BC0046A0EE /* AppleStoreProject */ = {
			isa = PBXNativeTarget;
			buildConfigurationList = D068D5592ACFE8BE0046A0EE /* Build configuration list for PBXNativeTarget "AppleStoreProject" */;
			buildPhases = (
				5AE7B64D799286C696468868 /* [CP] Check Pods Manifest.lock */,
				D068D5412ACFE8BC0046A0EE /* Sources */,
				D068D5422ACFE8BC0046A0EE /* Frameworks */,
				D068D5432ACFE8BC0046A0EE /* Resources */,
				E50F6B24FE3D43F0A92FD115 /* [CP] Embed Pods Frameworks */,
			);
			buildRules = (
			);
			dependencies = (
			);
			name = AppleStoreProject;
			productName = AppleStoreProject;
			productReference = D068D5452ACFE8BC0046A0EE /* AppleStoreProject.app */;
			productType = "com.apple.product-type.application";
		};
/* End PBXNativeTarget section */

/* Begin PBXProject section */
		D068D53D2ACFE8BC0046A0EE /* Project object */ = {
			isa = PBXProject;
			attributes = {
				BuildIndependentTargetsInParallel = 1;
				LastSwiftUpdateCheck = 1420;
				LastUpgradeCheck = 1420;
				TargetAttributes = {
					D068D5442ACFE8BC0046A0EE = {
						CreatedOnToolsVersion = 14.2;
					};
				};
			};
			buildConfigurationList = D068D5402ACFE8BC0046A0EE /* Build configuration list for PBXProject "AppleStoreProject" */;
			compatibilityVersion = "Xcode 14.0";
			developmentRegion = en;
			hasScannedForEncodings = 0;
			knownRegions = (
				en,
				Base,
			);
			mainGroup = D068D53C2ACFE8BC0046A0EE;
			productRefGroup = D068D5462ACFE8BC0046A0EE /* Products */;
			projectDirPath = "";
			projectRoot = "";
			targets = (
				D068D5442ACFE8BC0046A0EE /* AppleStoreProject */,
			);
		};
/* End PBXProject section */

/* Begin PBXResourcesBuildPhase section */
		D068D5432ACFE8BC0046A0EE /* Resources */ = {
			isa = PBXResourcesBuildPhase;
			buildActionMask = 2147483647;
			files = (
				D068D5552ACFE8BE0046A0EE /* LaunchScreen.storyboard in Resources */,
				D068D5522ACFE8BE0046A0EE /* Assets.xcassets in Resources */,
			);
			runOnlyForDeploymentPostprocessing = 0;
		};
/* End PBXResourcesBuildPhase section */

/* Begin PBXShellScriptBuildPhase section */
		5AE7B64D799286C696468868 /* [CP] Check Pods Manifest.lock */ = {
			isa = PBXShellScriptBuildPhase;
			buildActionMask = 2147483647;
			files = (
			);
			inputFileListPaths = (
			);
			inputPaths = (
				"${PODS_PODFILE_DIR_PATH}/Podfile.lock",
				"${PODS_ROOT}/Manifest.lock",
			);
			name = "[CP] Check Pods Manifest.lock";
			outputFileListPaths = (
			);
			outputPaths = (
				"$(DERIVED_FILE_DIR)/Pods-AppleStoreProject-checkManifestLockResult.txt",
			);
			runOnlyForDeploymentPostprocessing = 0;
			shellPath = /bin/sh;
			shellScript = "diff \"${PODS_PODFILE_DIR_PATH}/Podfile.lock\" \"${PODS_ROOT}/Manifest.lock\" > /dev/null\nif [ $? != 0 ] ; then\n    # print error to STDERR\n    echo \"error: The sandbox is not in sync with the Podfile.lock. Run 'pod install' or update your CocoaPods installation.\" >&2\n    exit 1\nfi\n# This output is used by Xcode 'outputs' to avoid re-running this script phase.\necho \"SUCCESS\" > \"${SCRIPT_OUTPUT_FILE_0}\"\n";
			showEnvVarsInLog = 0;
		};
		E50F6B24FE3D43F0A92FD115 /* [CP] Embed Pods Frameworks */ = {
			isa = PBXShellScriptBuildPhase;
			buildActionMask = 2147483647;
			files = (
			);
			inputFileListPaths = (
				"${PODS_ROOT}/Target Support Files/Pods-AppleStoreProject/Pods-AppleStoreProject-frameworks-${CONFIGURATION}-input-files.xcfilelist",
			);
			name = "[CP] Embed Pods Frameworks";
			outputFileListPaths = (
				"${PODS_ROOT}/Target Support Files/Pods-AppleStoreProject/Pods-AppleStoreProject-frameworks-${CONFIGURATION}-output-files.xcfilelist",
			);
			runOnlyForDeploymentPostprocessing = 0;
			shellPath = /bin/sh;
			shellScript = "\"${PODS_ROOT}/Target Support Files/Pods-AppleStoreProject/Pods-AppleStoreProject-frameworks.sh\"\n";
			showEnvVarsInLog = 0;
		};
/* End PBXShellScriptBuildPhase section */

/* Begin PBXSourcesBuildPhase section */
		D068D5412ACFE8BC0046A0EE /* Sources */ = {
			isa = PBXSourcesBuildPhase;
			buildActionMask = 2147483647;
			files = (
				D045E0152AD802620087150B /* HorizontalViewController.swift in Sources */,
				D08DE3692AD49DB7000833CA /* SearchResultCell.swift in Sources */,
				D06D16B22AD0121F00B25CC7 /* SearchViewController.swift in Sources */,
				D045DFC72AD57F1D0087150B /* SearchResult.swift in Sources */,
				D06D16AE2AD0120200B25CC7 /* TodayViewController.swift in Sources */,
				D045E0172AD834F40087150B /* AppGroupCell.swift in Sources */,
				D06D16B02AD0120E00B25CC7 /* AppsViewController.swift in Sources */,
				D045E01B2AD916250087150B /* AppsPageHeader.swift in Sources */,
				D045E01D2AD9179F0087150B /* HorinzontalHeaderViewController.swift in Sources */,
				D045DFCA2AD5C6B20087150B /* Service.swift in Sources */,
				D0F51DCA2AE42AF900488D57 /* AppDetailCell.swift in Sources */,
				D0F51DC62AE3AD0D00488D57 /* AppDetailControllerViewController.swift in Sources */,
				D045E0192AD8F8790087150B /* AppRowCell.swift in Sources */,
				D068D54D2ACFE8BC0046A0EE /* ViewController.swift in Sources */,
				D068D5492ACFE8BC0046A0EE /* AppDelegate.swift in Sources */,
				D068D54B2ACFE8BC0046A0EE /* SceneDelegate.swift in Sources */,
				D045E01F2AD91A300087150B /* AppPageHeaderRowCollectionViewCell.swift in Sources */,
				D0F51DC42AE2BF1A00488D57 /* AppGroupFeedModel.swift in Sources */,
			);
			runOnlyForDeploymentPostprocessing = 0;
		};
/* End PBXSourcesBuildPhase section */

/* Begin PBXVariantGroup section */
		D068D5532ACFE8BE0046A0EE /* LaunchScreen.storyboard */ = {
			isa = PBXVariantGroup;
			children = (
				D068D5542ACFE8BE0046A0EE /* Base */,
			);
			name = LaunchScreen.storyboard;
			sourceTree = "<group>";
		};
/* End PBXVariantGroup section */

/* Begin XCBuildConfiguration section */
		D068D5572ACFE8BE0046A0EE /* Debug */ = {
			isa = XCBuildConfiguration;
			buildSettings = {
				ALWAYS_SEARCH_USER_PATHS = NO;
				CLANG_ANALYZER_NONNULL = YES;
				CLANG_ANALYZER_NUMBER_OBJECT_CONVERSION = YES_AGGRESSIVE;
				CLANG_CXX_LANGUAGE_STANDARD = "gnu++20";
				CLANG_ENABLE_MODULES = YES;
				CLANG_ENABLE_OBJC_ARC = YES;
				CLANG_ENABLE_OBJC_WEAK = YES;
				CLANG_WARN_BLOCK_CAPTURE_AUTORELEASING = YES;
				CLANG_WARN_BOOL_CONVERSION = YES;
				CLANG_WARN_COMMA = YES;
				CLANG_WARN_CONSTANT_CONVERSION = YES;
				CLANG_WARN_DEPRECATED_OBJC_IMPLEMENTATIONS = YES;
				CLANG_WARN_DIRECT_OBJC_ISA_USAGE = YES_ERROR;
				CLANG_WARN_DOCUMENTATION_COMMENTS = YES;
				CLANG_WARN_EMPTY_BODY = YES;
				CLANG_WARN_ENUM_CONVERSION = YES;
				CLANG_WARN_INFINITE_RECURSION = YES;
				CLANG_WARN_INT_CONVERSION = YES;
				CLANG_WARN_NON_LITERAL_NULL_CONVERSION = YES;
				CLANG_WARN_OBJC_IMPLICIT_RETAIN_SELF = YES;
				CLANG_WARN_OBJC_LITERAL_CONVERSION = YES;
				CLANG_WARN_OBJC_ROOT_CLASS = YES_ERROR;
				CLANG_WARN_QUOTED_INCLUDE_IN_FRAMEWORK_HEADER = YES;
				CLANG_WARN_RANGE_LOOP_ANALYSIS = YES;
				CLANG_WARN_STRICT_PROTOTYPES = YES;
				CLANG_WARN_SUSPICIOUS_MOVE = YES;
				CLANG_WARN_UNGUARDED_AVAILABILITY = YES_AGGRESSIVE;
				CLANG_WARN_UNREACHABLE_CODE = YES;
				CLANG_WARN__DUPLICATE_METHOD_MATCH = YES;
				COPY_PHASE_STRIP = NO;
				DEBUG_INFORMATION_FORMAT = dwarf;
				ENABLE_STRICT_OBJC_MSGSEND = YES;
				ENABLE_TESTABILITY = YES;
				GCC_C_LANGUAGE_STANDARD = gnu11;
				GCC_DYNAMIC_NO_PIC = NO;
				GCC_NO_COMMON_BLOCKS = YES;
				GCC_OPTIMIZATION_LEVEL = 0;
				GCC_PREPROCESSOR_DEFINITIONS = (
					"DEBUG=1",
					"$(inherited)",
				);
				GCC_WARN_64_TO_32_BIT_CONVERSION = YES;
				GCC_WARN_ABOUT_RETURN_TYPE = YES_ERROR;
				GCC_WARN_UNDECLARED_SELECTOR = YES;
				GCC_WARN_UNINITIALIZED_AUTOS = YES_AGGRESSIVE;
				GCC_WARN_UNUSED_FUNCTION = YES;
				GCC_WARN_UNUSED_VARIABLE = YES;
				IPHONEOS_DEPLOYMENT_TARGET = 16.2;
				MTL_ENABLE_DEBUG_INFO = INCLUDE_SOURCE;
				MTL_FAST_MATH = YES;
				ONLY_ACTIVE_ARCH = YES;
				SDKROOT = iphoneos;
				SWIFT_ACTIVE_COMPILATION_CONDITIONS = DEBUG;
				SWIFT_OPTIMIZATION_LEVEL = "-Onone";
			};
			name = Debug;
		};
		D068D5582ACFE8BE0046A0EE /* Release */ = {
			isa = XCBuildConfiguration;
			buildSettings = {
				ALWAYS_SEARCH_USER_PATHS = NO;
				CLANG_ANALYZER_NONNULL = YES;
				CLANG_ANALYZER_NUMBER_OBJECT_CONVERSION = YES_AGGRESSIVE;
				CLANG_CXX_LANGUAGE_STANDARD = "gnu++20";
				CLANG_ENABLE_MODULES = YES;
				CLANG_ENABLE_OBJC_ARC = YES;
				CLANG_ENABLE_OBJC_WEAK = YES;
				CLANG_WARN_BLOCK_CAPTURE_AUTORELEASING = YES;
				CLANG_WARN_BOOL_CONVERSION = YES;
				CLANG_WARN_COMMA = YES;
				CLANG_WARN_CONSTANT_CONVERSION = YES;
				CLANG_WARN_DEPRECATED_OBJC_IMPLEMENTATIONS = YES;
				CLANG_WARN_DIRECT_OBJC_ISA_USAGE = YES_ERROR;
				CLANG_WARN_DOCUMENTATION_COMMENTS = YES;
				CLANG_WARN_EMPTY_BODY = YES;
				CLANG_WARN_ENUM_CONVERSION = YES;
				CLANG_WARN_INFINITE_RECURSION = YES;
				CLANG_WARN_INT_CONVERSION = YES;
				CLANG_WARN_NON_LITERAL_NULL_CONVERSION = YES;
				CLANG_WARN_OBJC_IMPLICIT_RETAIN_SELF = YES;
				CLANG_WARN_OBJC_LITERAL_CONVERSION = YES;
				CLANG_WARN_OBJC_ROOT_CLASS = YES_ERROR;
				CLANG_WARN_QUOTED_INCLUDE_IN_FRAMEWORK_HEADER = YES;
				CLANG_WARN_RANGE_LOOP_ANALYSIS = YES;
				CLANG_WARN_STRICT_PROTOTYPES = YES;
				CLANG_WARN_SUSPICIOUS_MOVE = YES;
				CLANG_WARN_UNGUARDED_AVAILABILITY = YES_AGGRESSIVE;
				CLANG_WARN_UNREACHABLE_CODE = YES;
				CLANG_WARN__DUPLICATE_METHOD_MATCH = YES;
				COPY_PHASE_STRIP = NO;
				DEBUG_INFORMATION_FORMAT = "dwarf-with-dsym";
				ENABLE_NS_ASSERTIONS = NO;
				ENABLE_STRICT_OBJC_MSGSEND = YES;
				GCC_C_LANGUAGE_STANDARD = gnu11;
				GCC_NO_COMMON_BLOCKS = YES;
				GCC_WARN_64_TO_32_BIT_CONVERSION = YES;
				GCC_WARN_ABOUT_RETURN_TYPE = YES_ERROR;
				GCC_WARN_UNDECLARED_SELECTOR = YES;
				GCC_WARN_UNINITIALIZED_AUTOS = YES_AGGRESSIVE;
				GCC_WARN_UNUSED_FUNCTION = YES;
				GCC_WARN_UNUSED_VARIABLE = YES;
				IPHONEOS_DEPLOYMENT_TARGET = 16.2;
				MTL_ENABLE_DEBUG_INFO = NO;
				MTL_FAST_MATH = YES;
				SDKROOT = iphoneos;
				SWIFT_COMPILATION_MODE = wholemodule;
				SWIFT_OPTIMIZATION_LEVEL = "-O";
				VALIDATE_PRODUCT = YES;
			};
			name = Release;
		};
		D068D55A2ACFE8BE0046A0EE /* Debug */ = {
			isa = XCBuildConfiguration;
			baseConfigurationReference = 122A3669D9BDEA8257012CFC /* Pods-AppleStoreProject.debug.xcconfig */;
			buildSettings = {
				ASSETCATALOG_COMPILER_APPICON_NAME = AppIcon;
				ASSETCATALOG_COMPILER_GLOBAL_ACCENT_COLOR_NAME = AccentColor;
				CODE_SIGN_STYLE = Automatic;
				CURRENT_PROJECT_VERSION = 1;
				DEVELOPMENT_TEAM = HNS64TAJ9X;
				GENERATE_INFOPLIST_FILE = YES;
				INFOPLIST_FILE = AppleStoreProject/Info.plist;
				INFOPLIST_KEY_UIApplicationSupportsIndirectInputEvents = YES;
				INFOPLIST_KEY_UILaunchStoryboardName = LaunchScreen;
				INFOPLIST_KEY_UISupportedInterfaceOrientations_iPad = "UIInterfaceOrientationPortrait UIInterfaceOrientationPortraitUpsideDown UIInterfaceOrientationLandscapeLeft UIInterfaceOrientationLandscapeRight";
				INFOPLIST_KEY_UISupportedInterfaceOrientations_iPhone = "UIInterfaceOrientationPortrait UIInterfaceOrientationLandscapeLeft UIInterfaceOrientationLandscapeRight";
				LD_RUNPATH_SEARCH_PATHS = (
					"$(inherited)",
					"@executable_path/Frameworks",
				);
				MARKETING_VERSION = 1.0;
				PRODUCT_BUNDLE_IDENTIFIER = marvis.com.AppleStoreProject;
				PRODUCT_NAME = "$(TARGET_NAME)";
				SWIFT_EMIT_LOC_STRINGS = YES;
				SWIFT_VERSION = 5.0;
				TARGETED_DEVICE_FAMILY = "1,2";
			};
			name = Debug;
		};
		D068D55B2ACFE8BE0046A0EE /* Release */ = {
			isa = XCBuildConfiguration;
			baseConfigurationReference = 2087B4A263089AC0EBE6052A /* Pods-AppleStoreProject.release.xcconfig */;
			buildSettings = {
				ASSETCATALOG_COMPILER_APPICON_NAME = AppIcon;
				ASSETCATALOG_COMPILER_GLOBAL_ACCENT_COLOR_NAME = AccentColor;
				CODE_SIGN_STYLE = Automatic;
				CURRENT_PROJECT_VERSION = 1;
				DEVELOPMENT_TEAM = HNS64TAJ9X;
				GENERATE_INFOPLIST_FILE = YES;
				INFOPLIST_FILE = AppleStoreProject/Info.plist;
				INFOPLIST_KEY_UIApplicationSupportsIndirectInputEvents = YES;
				INFOPLIST_KEY_UILaunchStoryboardName = LaunchScreen;
				INFOPLIST_KEY_UISupportedInterfaceOrientations_iPad = "UIInterfaceOrientationPortrait UIInterfaceOrientationPortraitUpsideDown UIInterfaceOrientationLandscapeLeft UIInterfaceOrientationLandscapeRight";
				INFOPLIST_KEY_UISupportedInterfaceOrientations_iPhone = "UIInterfaceOrientationPortrait UIInterfaceOrientationLandscapeLeft UIInterfaceOrientationLandscapeRight";
				LD_RUNPATH_SEARCH_PATHS = (
					"$(inherited)",
					"@executable_path/Frameworks",
				);
				MARKETING_VERSION = 1.0;
				PRODUCT_BUNDLE_IDENTIFIER = marvis.com.AppleStoreProject;
				PRODUCT_NAME = "$(TARGET_NAME)";
				SWIFT_EMIT_LOC_STRINGS = YES;
				SWIFT_VERSION = 5.0;
				TARGETED_DEVICE_FAMILY = "1,2";
			};
			name = Release;
		};
/* End XCBuildConfiguration section */

/* Begin XCConfigurationList section */
		D068D5402ACFE8BC0046A0EE /* Build configuration list for PBXProject "AppleStoreProject" */ = {
			isa = XCConfigurationList;
			buildConfigurations = (
				D068D5572ACFE8BE0046A0EE /* Debug */,
				D068D5582ACFE8BE0046A0EE /* Release */,
			);
			defaultConfigurationIsVisible = 0;
			defaultConfigurationName = Release;
		};
		D068D5592ACFE8BE0046A0EE /* Build configuration list for PBXNativeTarget "AppleStoreProject" */ = {
			isa = XCConfigurationList;
			buildConfigurations = (
				D068D55A2ACFE8BE0046A0EE /* Debug */,
				D068D55B2ACFE8BE0046A0EE /* Release */,
			);
			defaultConfigurationIsVisible = 0;
			defaultConfigurationName = Release;
		};
/* End XCConfigurationList section */
	};
	rootObject = D068D53D2ACFE8BC0046A0EE /* Project object */;
}
